
Microsoft Visual Studio Solution File, Format Version 12.00
# Visual Studio Version 16
VisualStudioVersion = 16.0.31515.178
MinimumVisualStudioVersion = 10.0.40219.1
Project("{FAE04EC0-301F-11D3-BF4B-00C04F79EFBC}") = "Discord Chat Bot", "Discord Chat Bot\Discord Chat Bot.csproj", "{2727644F-F498-407F-B7DB-9D4661B18FF8}"
EndProject
Global
	GlobalSection(SolutionConfigurationPlatforms) = preSolution
		Debug|Any CPU = Debug|Any CPU
		Release|Any CPU = Release|Any CPU
	EndGlobalSection
	GlobalSection(ProjectConfigurationPlatforms) = postSolution
		{2727644F-F498-407F-B7DB-9D4661B18FF8}.Debug|Any CPU.ActiveCfg = Debug|Any CPU
		{2727644F-F498-407F-B7DB-9D4661B18FF8}.Debug|Any CPU.Build.0 = Debug|Any CPU
		{2727644F-F498-407F-B7DB-9D4661B18FF8}.Release|Any CPU.ActiveCfg = Release|Any CPU
		{2727644F-F498-407F-B7DB-9D4661B18FF8}.Release|Any CPU.Build.0 = Release|Any CPU
	EndGlobalSection
	GlobalSection(SolutionProperties) = preSolution
		HideSolutionNode = FALSE
	EndGlobalSection
	GlobalSection(ExtensibilityGlobals) = postSolution
		SolutionGuid = {5B249E41-0A24-4867-A916-8347D3E5E6AA}
	EndGlobalSection
EndGlobal
